
Microsoft Visual Studio Solution File, Format Version 12.00
# Visual Studio Version 17
VisualStudioVersion = 17.11.35327.3
MinimumVisualStudioVersion = 10.0.40219.1
Project("{FAE04EC0-301F-11D3-BF4B-00C04F79EFBC}") = "Backend", "Backend\Backend.csproj", "{E54AC6CB-F355-485D-BA42-FBD000D3DB3D}"
EndProject
Global
	GlobalSection(SolutionConfigurationPlatforms) = preSolution
		Debug|Any CPU = Debug|Any CPU
		Release|Any CPU = Release|Any CPU
	EndGlobalSection
	GlobalSection(ProjectConfigurationPlatforms) = postSolution
		{E54AC6CB-F355-485D-BA42-FBD000D3DB3D}.Debug|Any CPU.ActiveCfg = Debug|Any CPU
		{E54AC6CB-F355-485D-BA42-FBD000D3DB3D}.Debug|Any CPU.Build.0 = Debug|Any CPU
		{E54AC6CB-F355-485D-BA42-FBD000D3DB3D}.Release|Any CPU.ActiveCfg = Release|Any CPU
		{E54AC6CB-F355-485D-BA42-FBD000D3DB3D}.Release|Any CPU.Build.0 = Release|Any CPU
	EndGlobalSection
	GlobalSection(SolutionProperties) = preSolution
		HideSolutionNode = FALSE
	EndGlobalSection
	GlobalSection(ExtensibilityGlobals) = postSolution
		SolutionGuid = {31B067DD-6405-4670-8AB8-3EEF23673464}
	EndGlobalSection
EndGlobal
